
Microsoft Visual Studio Solution File, Format Version 12.00
# Visual Studio Version 16
VisualStudioVersion = 16.0.30804.86
MinimumVisualStudioVersion = 10.0.40219.1
Project("{9A19103F-16F7-4668-BE54-9A1E7A4F7556}") = "Products.API", "Products\Products.API\Products.API.csproj", "{D1B6677A-4EF0-47A9-A3FF-AA8CA59D30BD}"
EndProject
Global
	GlobalSection(SolutionConfigurationPlatforms) = preSolution
		Debug|Any CPU = Debug|Any CPU
		Release|Any CPU = Release|Any CPU
	EndGlobalSection
	GlobalSection(ProjectConfigurationPlatforms) = postSolution
		{D1B6677A-4EF0-47A9-A3FF-AA8CA59D30BD}.Debug|Any CPU.ActiveCfg = Debug|Any CPU
		{D1B6677A-4EF0-47A9-A3FF-AA8CA59D30BD}.Debug|Any CPU.Build.0 = Debug|Any CPU
		{D1B6677A-4EF0-47A9-A3FF-AA8CA59D30BD}.Release|Any CPU.ActiveCfg = Release|Any CPU
		{D1B6677A-4EF0-47A9-A3FF-AA8CA59D30BD}.Release|Any CPU.Build.0 = Release|Any CPU
	EndGlobalSection
	GlobalSection(SolutionProperties) = preSolution
		HideSolutionNode = FALSE
	EndGlobalSection
	GlobalSection(ExtensibilityGlobals) = postSolution
		SolutionGuid = {44A6285D-F79B-423F-94B3-2261178094AC}
	EndGlobalSection
EndGlobal
