
Microsoft Visual Studio Solution File, Format Version 12.00
# Visual Studio Version 16
VisualStudioVersion = 16.0.30804.86
MinimumVisualStudioVersion = 10.0.40219.1
Project("{9A19103F-16F7-4668-BE54-9A1E7A4F7556}") = "Products.API", "Products\Products.API\Products.API.csproj", "{D1B6677A-4EF0-47A9-A3FF-AA8CA59D30BD}"
EndProject
Project("{2150E333-8FDC-42A3-9474-1A3956D46DE8}") = "Products", "Products", "{EDFF811B-B381-4095-8148-9D7740E46DEB}"
EndProject
Project("{2150E333-8FDC-42A3-9474-1A3956D46DE8}") = "Shared", "Shared", "{A64678D1-FC39-4CEA-9396-038ACC58C1A2}"
EndProject
Project("{9A19103F-16F7-4668-BE54-9A1E7A4F7556}") = "eShop_Core", "Shared\eShop_Core\eShop_Core.csproj", "{6699B09F-B91B-4013-BE75-1E08F4D9CA2E}"
EndProject
Project("{2150E333-8FDC-42A3-9474-1A3956D46DE8}") = "Orders", "Orders", "{88EB4D15-047A-4C8D-BB35-4B5DD5C09E0B}"
EndProject
Project("{9A19103F-16F7-4668-BE54-9A1E7A4F7556}") = "Orders.API", "Orders\Orders.API\Orders.API.csproj", "{DFE8C879-0688-492E-9D0E-9221BAD81117}"
EndProject
Project("{2150E333-8FDC-42A3-9474-1A3956D46DE8}") = "Users", "Users", "{A22BFF54-280E-45E1-98E8-C9BDA3E1B106}"
EndProject
Project("{9A19103F-16F7-4668-BE54-9A1E7A4F7556}") = "Users.API", "Users\Users.API\Users.API.csproj", "{AB9E9702-5820-4704-B6D6-37386DA54F15}"
EndProject
Project("{FAE04EC0-301F-11D3-BF4B-00C04F79EFBC}") = "Extentions", "Shared\Extentions\Extentions.csproj", "{B55DD8D3-B556-4754-982B-526CFEC30CE3}"
EndProject
Project("{2150E333-8FDC-42A3-9474-1A3956D46DE8}") = "Gateway", "Gateway", "{7081189F-2636-4E47-86F3-C0F1423F7F47}"
EndProject
Project("{FAE04EC0-301F-11D3-BF4B-00C04F79EFBC}") = "OcelotGateway", "Gateway\OcelotGateway\OcelotGateway.csproj", "{FD8614CA-8D0E-425D-A736-EE461DA01CBB}"
EndProject
Global
	GlobalSection(SolutionConfigurationPlatforms) = preSolution
		Debug|Any CPU = Debug|Any CPU
		Release|Any CPU = Release|Any CPU
	EndGlobalSection
	GlobalSection(ProjectConfigurationPlatforms) = postSolution
		{D1B6677A-4EF0-47A9-A3FF-AA8CA59D30BD}.Debug|Any CPU.ActiveCfg = Debug|Any CPU
		{D1B6677A-4EF0-47A9-A3FF-AA8CA59D30BD}.Debug|Any CPU.Build.0 = Debug|Any CPU
		{D1B6677A-4EF0-47A9-A3FF-AA8CA59D30BD}.Release|Any CPU.ActiveCfg = Release|Any CPU
		{D1B6677A-4EF0-47A9-A3FF-AA8CA59D30BD}.Release|Any CPU.Build.0 = Release|Any CPU
		{6699B09F-B91B-4013-BE75-1E08F4D9CA2E}.Debug|Any CPU.ActiveCfg = Debug|Any CPU
		{6699B09F-B91B-4013-BE75-1E08F4D9CA2E}.Debug|Any CPU.Build.0 = Debug|Any CPU
		{6699B09F-B91B-4013-BE75-1E08F4D9CA2E}.Release|Any CPU.ActiveCfg = Release|Any CPU
		{6699B09F-B91B-4013-BE75-1E08F4D9CA2E}.Release|Any CPU.Build.0 = Release|Any CPU
		{DFE8C879-0688-492E-9D0E-9221BAD81117}.Debug|Any CPU.ActiveCfg = Debug|Any CPU
		{DFE8C879-0688-492E-9D0E-9221BAD81117}.Debug|Any CPU.Build.0 = Debug|Any CPU
		{DFE8C879-0688-492E-9D0E-9221BAD81117}.Release|Any CPU.ActiveCfg = Release|Any CPU
		{DFE8C879-0688-492E-9D0E-9221BAD81117}.Release|Any CPU.Build.0 = Release|Any CPU
		{AB9E9702-5820-4704-B6D6-37386DA54F15}.Debug|Any CPU.ActiveCfg = Debug|Any CPU
		{AB9E9702-5820-4704-B6D6-37386DA54F15}.Debug|Any CPU.Build.0 = Debug|Any CPU
		{AB9E9702-5820-4704-B6D6-37386DA54F15}.Release|Any CPU.ActiveCfg = Release|Any CPU
		{AB9E9702-5820-4704-B6D6-37386DA54F15}.Release|Any CPU.Build.0 = Release|Any CPU
		{B55DD8D3-B556-4754-982B-526CFEC30CE3}.Debug|Any CPU.ActiveCfg = Debug|Any CPU
		{B55DD8D3-B556-4754-982B-526CFEC30CE3}.Debug|Any CPU.Build.0 = Debug|Any CPU
		{B55DD8D3-B556-4754-982B-526CFEC30CE3}.Release|Any CPU.ActiveCfg = Release|Any CPU
		{B55DD8D3-B556-4754-982B-526CFEC30CE3}.Release|Any CPU.Build.0 = Release|Any CPU
		{FD8614CA-8D0E-425D-A736-EE461DA01CBB}.Debug|Any CPU.ActiveCfg = Debug|Any CPU
		{FD8614CA-8D0E-425D-A736-EE461DA01CBB}.Debug|Any CPU.Build.0 = Debug|Any CPU
		{FD8614CA-8D0E-425D-A736-EE461DA01CBB}.Release|Any CPU.ActiveCfg = Release|Any CPU
		{FD8614CA-8D0E-425D-A736-EE461DA01CBB}.Release|Any CPU.Build.0 = Release|Any CPU
	EndGlobalSection
	GlobalSection(SolutionProperties) = preSolution
		HideSolutionNode = FALSE
	EndGlobalSection
	GlobalSection(NestedProjects) = preSolution
		{D1B6677A-4EF0-47A9-A3FF-AA8CA59D30BD} = {EDFF811B-B381-4095-8148-9D7740E46DEB}
		{6699B09F-B91B-4013-BE75-1E08F4D9CA2E} = {A64678D1-FC39-4CEA-9396-038ACC58C1A2}
		{DFE8C879-0688-492E-9D0E-9221BAD81117} = {88EB4D15-047A-4C8D-BB35-4B5DD5C09E0B}
		{AB9E9702-5820-4704-B6D6-37386DA54F15} = {A22BFF54-280E-45E1-98E8-C9BDA3E1B106}
		{B55DD8D3-B556-4754-982B-526CFEC30CE3} = {A64678D1-FC39-4CEA-9396-038ACC58C1A2}
		{FD8614CA-8D0E-425D-A736-EE461DA01CBB} = {7081189F-2636-4E47-86F3-C0F1423F7F47}
	EndGlobalSection
	GlobalSection(ExtensibilityGlobals) = postSolution
		SolutionGuid = {44A6285D-F79B-423F-94B3-2261178094AC}
	EndGlobalSection
EndGlobal
